
Microsoft Visual Studio Solution File, Format Version 12.00
# Visual Studio Version 17
VisualStudioVersion = 17.7.34031.279
MinimumVisualStudioVersion = 10.0.40219.1
Project("{FAE04EC0-301F-11D3-BF4B-00C04F79EFBC}") = "PR№2", "PR№2\PR№2.csproj", "{89105A92-A371-4303-86CC-B1761CEC9629}"
EndProject
Global
	GlobalSection(SolutionConfigurationPlatforms) = preSolution
		Debug|Any CPU = Debug|Any CPU
		Release|Any CPU = Release|Any CPU
	EndGlobalSection
	GlobalSection(ProjectConfigurationPlatforms) = postSolution
		{89105A92-A371-4303-86CC-B1761CEC9629}.Debug|Any CPU.ActiveCfg = Debug|Any CPU
		{89105A92-A371-4303-86CC-B1761CEC9629}.Debug|Any CPU.Build.0 = Debug|Any CPU
		{89105A92-A371-4303-86CC-B1761CEC9629}.Release|Any CPU.ActiveCfg = Release|Any CPU
		{89105A92-A371-4303-86CC-B1761CEC9629}.Release|Any CPU.Build.0 = Release|Any CPU
	EndGlobalSection
	GlobalSection(SolutionProperties) = preSolution
		HideSolutionNode = FALSE
	EndGlobalSection
	GlobalSection(ExtensibilityGlobals) = postSolution
		SolutionGuid = {5F540A90-0F80-4506-AC1D-2B45AE02BE23}
	EndGlobalSection
EndGlobal
